// !$*UTF8*$!
{
	archiveVersion = 1;
	classes = {
	};
	objectVersion = 50;
	objects = {

/* Begin PBXBuildFile section */
		54DB3AD226F5B3C9005AC168 /* AppDelegate.swift in Sources */ = {isa = PBXBuildFile; fileRef = 54DB3AD126F5B3C9005AC168 /* AppDelegate.swift */; };
		54DB3AD426F5B3C9005AC168 /* ViewController.swift in Sources */ = {isa = PBXBuildFile; fileRef = 54DB3AD326F5B3C9005AC168 /* ViewController.swift */; };
		54DB3AD626F5B3CA005AC168 /* Assets.xcassets in Resources */ = {isa = PBXBuildFile; fileRef = 54DB3AD526F5B3CA005AC168 /* Assets.xcassets */; };
		54DB3AD926F5B3CA005AC168 /* Main.storyboard in Resources */ = {isa = PBXBuildFile; fileRef = 54DB3AD726F5B3CA005AC168 /* Main.storyboard */; };
		54DB3AE526F5B3CA005AC168 /* scrollviewTests.swift in Sources */ = {isa = PBXBuildFile; fileRef = 54DB3AE426F5B3CA005AC168 /* scrollviewTests.swift */; };
		54DB3AF026F5B3CA005AC168 /* scrollviewUITests.swift in Sources */ = {isa = PBXBuildFile; fileRef = 54DB3AEF26F5B3CA005AC168 /* scrollviewUITests.swift */; };
/* End PBXBuildFile section */

/* Begin PBXContainerItemProxy section */
		54DB3AE126F5B3CA005AC168 /* PBXContainerItemProxy */ = {
			isa = PBXContainerItemProxy;
			containerPortal = 54DB3AC626F5B3C9005AC168 /* Project object */;
			proxyType = 1;
			remoteGlobalIDString = 54DB3ACD26F5B3C9005AC168;
			remoteInfo = scrollview;
		};
		54DB3AEC26F5B3CA005AC168 /* PBXContainerItemProxy */ = {
			isa = PBXContainerItemProxy;
			containerPortal = 54DB3AC626F5B3C9005AC168 /* Project object */;
			proxyType = 1;
			remoteGlobalIDString = 54DB3ACD26F5B3C9005AC168;
			remoteInfo = scrollview;
		};
/* End PBXContainerItemProxy section */

/* Begin PBXFileReference section */
		54DB3ACE26F5B3C9005AC168 /* scrollview.app */ = {isa = PBXFileReference; explicitFileType = wrapper.application; includeInIndex = 0; path = scrollview.app; sourceTree = BUILT_PRODUCTS_DIR; };
		54DB3AD126F5B3C9005AC168 /* AppDelegate.swift */ = {isa = PBXFileReference; lastKnownFileType = sourcecode.swift; path = AppDelegate.swift; sourceTree = "<group>"; };
		54DB3AD326F5B3C9005AC168 /* ViewController.swift */ = {isa = PBXFileReference; lastKnownFileType = sourcecode.swift; path = ViewController.swift; sourceTree = "<group>"; };
		54DB3AD526F5B3CA005AC168 /* Assets.xcassets */ = {isa = PBXFileReference; lastKnownFileType = folder.assetcatalog; path = Assets.xcassets; sourceTree = "<group>"; };
		54DB3AD826F5B3CA005AC168 /* Base */ = {isa = PBXFileReference; lastKnownFileType = file.storyboard; name = Base; path = Base.lproj/Main.storyboard; sourceTree = "<group>"; };
		54DB3ADA26F5B3CA005AC168 /* Info.plist */ = {isa = PBXFileReference; lastKnownFileType = text.plist.xml; path = Info.plist; sourceTree = "<group>"; };
		54DB3ADB26F5B3CA005AC168 /* scrollview.entitlements */ = {isa = PBXFileReference; lastKnownFileType = text.plist.entitlements; path = scrollview.entitlements; sourceTree = "<group>"; };
		54DB3AE026F5B3CA005AC168 /* scrollviewTests.xctest */ = {isa = PBXFileReference; explicitFileType = wrapper.cfbundle; includeInIndex = 0; path = scrollviewTests.xctest; sourceTree = BUILT_PRODUCTS_DIR; };
		54DB3AE426F5B3CA005AC168 /* scrollviewTests.swift */ = {isa = PBXFileReference; lastKnownFileType = sourcecode.swift; path = scrollviewTests.swift; sourceTree = "<group>"; };
		54DB3AE626F5B3CA005AC168 /* Info.plist */ = {isa = PBXFileReference; lastKnownFileType = text.plist.xml; path = Info.plist; sourceTree = "<group>"; };
		54DB3AEB26F5B3CA005AC168 /* scrollviewUITests.xctest */ = {isa = PBXFileReference; explicitFileType = wrapper.cfbundle; includeInIndex = 0; path = scrollviewUITests.xctest; sourceTree = BUILT_PRODUCTS_DIR; };
		54DB3AEF26F5B3CA005AC168 /* scrollviewUITests.swift */ = {isa = PBXFileReference; lastKnownFileType = sourcecode.swift; path = scrollviewUITests.swift; sourceTree = "<group>"; };
		54DB3AF126F5B3CA005AC168 /* Info.plist */ = {isa = PBXFileReference; lastKnownFileType = text.plist.xml; path = Info.plist; sourceTree = "<group>"; };
/* End PBXFileReference section */

/* Begin PBXFrameworksBuildPhase section */
		54DB3ACB26F5B3C9005AC168 /* Frameworks */ = {
			isa = PBXFrameworksBuildPhase;
			buildActionMask = 2147483647;
			files = (
			);
			runOnlyForDeploymentPostprocessing = 0;
		};
		54DB3ADD26F5B3CA005AC168 /* Frameworks */ = {
			isa = PBXFrameworksBuildPhase;
			buildActionMask = 2147483647;
			files = (
			);
			runOnlyForDeploymentPostprocessing = 0;
		};
		54DB3AE826F5B3CA005AC168 /* Frameworks */ = {
			isa = PBXFrameworksBuildPhase;
			buildActionMask = 2147483647;
			files = (
			);
			runOnlyForDeploymentPostprocessing = 0;
		};
/* End PBXFrameworksBuildPhase section */

/* Begin PBXGroup section */
		54DB3AC526F5B3C9005AC168 = {
			isa = PBXGroup;
			children = (
				54DB3AD026F5B3C9005AC168 /* scrollview */,
				54DB3AE326F5B3CA005AC168 /* scrollviewTests */,
				54DB3AEE26F5B3CA005AC168 /* scrollviewUITests */,
				54DB3ACF26F5B3C9005AC168 /* Products */,
			);
			sourceTree = "<group>";
		};
		54DB3ACF26F5B3C9005AC168 /* Products */ = {
			isa = PBXGroup;
			children = (
				54DB3ACE26F5B3C9005AC168 /* scrollview.app */,
				54DB3AE026F5B3CA005AC168 /* scrollviewTests.xctest */,
				54DB3AEB26F5B3CA005AC168 /* scrollviewUITests.xctest */,
			);
			name = Products;
			sourceTree = "<group>";
		};
		54DB3AD026F5B3C9005AC168 /* scrollview */ = {
			isa = PBXGroup;
			children = (
				54DB3AD126F5B3C9005AC168 /* AppDelegate.swift */,
				54DB3AD326F5B3C9005AC168 /* ViewController.swift */,
				54DB3AD526F5B3CA005AC168 /* Assets.xcassets */,
				54DB3AD726F5B3CA005AC168 /* Main.storyboard */,
				54DB3ADA26F5B3CA005AC168 /* Info.plist */,
				54DB3ADB26F5B3CA005AC168 /* scrollview.entitlements */,
			);
			path = scrollview;
			sourceTree = "<group>";
		};
		54DB3AE326F5B3CA005AC168 /* scrollviewTests */ = {
			isa = PBXGroup;
			children = (
				54DB3AE426F5B3CA005AC168 /* scrollviewTests.swift */,
				54DB3AE626F5B3CA005AC168 /* Info.plist */,
			);
			path = scrollviewTests;
			sourceTree = "<group>";
		};
		54DB3AEE26F5B3CA005AC168 /* scrollviewUITests */ = {
			isa = PBXGroup;
			children = (
				54DB3AEF26F5B3CA005AC168 /* scrollviewUITests.swift */,
				54DB3AF126F5B3CA005AC168 /* Info.plist */,
			);
			path = scrollviewUITests;
			sourceTree = "<group>";
		};
/* End PBXGroup section */

/* Begin PBXNativeTarget section */
		54DB3ACD26F5B3C9005AC168 /* scrollview */ = {
			isa = PBXNativeTarget;
			buildConfigurationList = 54DB3AF426F5B3CA005AC168 /* Build configuration list for PBXNativeTarget "scrollview" */;
			buildPhases = (
				54DB3ACA26F5B3C9005AC168 /* Sources */,
				54DB3ACB26F5B3C9005AC168 /* Frameworks */,
				54DB3ACC26F5B3C9005AC168 /* Resources */,
			);
			buildRules = (
			);
			dependencies = (
			);
			name = scrollview;
			productName = scrollview;
			productReference = 54DB3ACE26F5B3C9005AC168 /* scrollview.app */;
			productType = "com.apple.product-type.application";
		};
		54DB3ADF26F5B3CA005AC168 /* scrollviewTests */ = {
			isa = PBXNativeTarget;
			buildConfigurationList = 54DB3AF726F5B3CA005AC168 /* Build configuration list for PBXNativeTarget "scrollviewTests" */;
			buildPhases = (
				54DB3ADC26F5B3CA005AC168 /* Sources */,
				54DB3ADD26F5B3CA005AC168 /* Frameworks */,
				54DB3ADE26F5B3CA005AC168 /* Resources */,
			);
			buildRules = (
			);
			dependencies = (
				54DB3AE226F5B3CA005AC168 /* PBXTargetDependency */,
			);
			name = scrollviewTests;
			productName = scrollviewTests;
			productReference = 54DB3AE026F5B3CA005AC168 /* scrollviewTests.xctest */;
			productType = "com.apple.product-type.bundle.unit-test";
		};
		54DB3AEA26F5B3CA005AC168 /* scrollviewUITests */ = {
			isa = PBXNativeTarget;
			buildConfigurationList = 54DB3AFA26F5B3CA005AC168 /* Build configuration list for PBXNativeTarget "scrollviewUITests" */;
			buildPhases = (
				54DB3AE726F5B3CA005AC168 /* Sources */,
				54DB3AE826F5B3CA005AC168 /* Frameworks */,
				54DB3AE926F5B3CA005AC168 /* Resources */,
			);
			buildRules = (
			);
			dependencies = (
				54DB3AED26F5B3CA005AC168 /* PBXTargetDependency */,
			);
			name = scrollviewUITests;
			productName = scrollviewUITests;
			productReference = 54DB3AEB26F5B3CA005AC168 /* scrollviewUITests.xctest */;
			productType = "com.apple.product-type.bundle.ui-testing";
		};
/* End PBXNativeTarget section */

/* Begin PBXProject section */
		54DB3AC626F5B3C9005AC168 /* Project object */ = {
			isa = PBXProject;
			attributes = {
				LastSwiftUpdateCheck = 1240;
				LastUpgradeCheck = 1240;
				TargetAttributes = {
					54DB3ACD26F5B3C9005AC168 = {
						CreatedOnToolsVersion = 12.4;
					};
					54DB3ADF26F5B3CA005AC168 = {
						CreatedOnToolsVersion = 12.4;
						TestTargetID = 54DB3ACD26F5B3C9005AC168;
					};
					54DB3AEA26F5B3CA005AC168 = {
						CreatedOnToolsVersion = 12.4;
						TestTargetID = 54DB3ACD26F5B3C9005AC168;
					};
				};
			};
			buildConfigurationList = 54DB3AC926F5B3C9005AC168 /* Build configuration list for PBXProject "scrollview" */;
			compatibilityVersion = "Xcode 9.3";
			developmentRegion = en;
			hasScannedForEncodings = 0;
			knownRegions = (
				en,
				Base,
			);
			mainGroup = 54DB3AC526F5B3C9005AC168;
			productRefGroup = 54DB3ACF26F5B3C9005AC168 /* Products */;
			projectDirPath = "";
			projectRoot = "";
			targets = (
				54DB3ACD26F5B3C9005AC168 /* scrollview */,
				54DB3ADF26F5B3CA005AC168 /* scrollviewTests */,
				54DB3AEA26F5B3CA005AC168 /* scrollviewUITests */,
			);
		};
/* End PBXProject section */

/* Begin PBXResourcesBuildPhase section */
		54DB3ACC26F5B3C9005AC168 /* Resources */ = {
			isa = PBXResourcesBuildPhase;
			buildActionMask = 2147483647;
			files = (
				54DB3AD626F5B3CA005AC168 /* Assets.xcassets in Resources */,
				54DB3AD926F5B3CA005AC168 /* Main.storyboard in Resources */,
			);
			runOnlyForDeploymentPostprocessing = 0;
		};
		54DB3ADE26F5B3CA005AC168 /* Resources */ = {
			isa = PBXResourcesBuildPhase;
			buildActionMask = 2147483647;
			files = (
			);
			runOnlyForDeploymentPostprocessing = 0;
		};
		54DB3AE926F5B3CA005AC168 /* Resources */ = {
			isa = PBXResourcesBuildPhase;
			buildActionMask = 2147483647;
			files = (
			);
			runOnlyForDeploymentPostprocessing = 0;
		};
/* End PBXResourcesBuildPhase section */

/* Begin PBXSourcesBuildPhase section */
		54DB3ACA26F5B3C9005AC168 /* Sources */ = {
			isa = PBXSourcesBuildPhase;
			buildActionMask = 2147483647;
			files = (
				54DB3AD426F5B3C9005AC168 /* ViewController.swift in Sources */,
				54DB3AD226F5B3C9005AC168 /* AppDelegate.swift in Sources */,
			);
			runOnlyForDeploymentPostprocessing = 0;
		};
		54DB3ADC26F5B3CA005AC168 /* Sources */ = {
			isa = PBXSourcesBuildPhase;
			buildActionMask = 2147483647;
			files = (
				54DB3AE526F5B3CA005AC168 /* scrollviewTests.swift in Sources */,
			);
			runOnlyForDeploymentPostprocessing = 0;
		};
		54DB3AE726F5B3CA005AC168 /* Sources */ = {
			isa = PBXSourcesBuildPhase;
			buildActionMask = 2147483647;
			files = (
				54DB3AF026F5B3CA005AC168 /* scrollviewUITests.swift in Sources */,
			);
			runOnlyForDeploymentPostprocessing = 0;
		};
/* End PBXSourcesBuildPhase section */

/* Begin PBXTargetDependency section */
		54DB3AE226F5B3CA005AC168 /* PBXTargetDependency */ = {
			isa = PBXTargetDependency;
			target = 54DB3ACD26F5B3C9005AC168 /* scrollview */;
			targetProxy = 54DB3AE126F5B3CA005AC168 /* PBXContainerItemProxy */;
		};
		54DB3AED26F5B3CA005AC168 /* PBXTargetDependency */ = {
			isa = PBXTargetDependency;
			target = 54DB3ACD26F5B3C9005AC168 /* scrollview */;
			targetProxy = 54DB3AEC26F5B3CA005AC168 /* PBXContainerItemProxy */;
		};
/* End PBXTargetDependency section */

/* Begin PBXVariantGroup section */
		54DB3AD726F5B3CA005AC168 /* Main.storyboard */ = {
			isa = PBXVariantGroup;
			children = (
				54DB3AD826F5B3CA005AC168 /* Base */,
			);
			name = Main.storyboard;
			sourceTree = "<group>";
		};
/* End PBXVariantGroup section */

/* Begin XCBuildConfiguration section */
		54DB3AF226F5B3CA005AC168 /* Debug */ = {
			isa = XCBuildConfiguration;
			buildSettings = {
				ALWAYS_SEARCH_USER_PATHS = NO;
				CLANG_ANALYZER_NONNULL = YES;
				CLANG_ANALYZER_NUMBER_OBJECT_CONVERSION = YES_AGGRESSIVE;
				CLANG_CXX_LANGUAGE_STANDARD = "gnu++14";
				CLANG_CXX_LIBRARY = "libc++";
				CLANG_ENABLE_MODULES = YES;
				CLANG_ENABLE_OBJC_ARC = YES;
				CLANG_ENABLE_OBJC_WEAK = YES;
				CLANG_WARN_BLOCK_CAPTURE_AUTORELEASING = YES;
				CLANG_WARN_BOOL_CONVERSION = YES;
				CLANG_WARN_COMMA = YES;
				CLANG_WARN_CONSTANT_CONVERSION = YES;
				CLANG_WARN_DEPRECATED_OBJC_IMPLEMENTATIONS = YES;
				CLANG_WARN_DIRECT_OBJC_ISA_USAGE = YES_ERROR;
				CLANG_WARN_DOCUMENTATION_COMMENTS = YES;
				CLANG_WARN_EMPTY_BODY = YES;
				CLANG_WARN_ENUM_CONVERSION = YES;
				CLANG_WARN_INFINITE_RECURSION = YES;
				CLANG_WARN_INT_CONVERSION = YES;
				CLANG_WARN_NON_LITERAL_NULL_CONVERSION = YES;
				CLANG_WARN_OBJC_IMPLICIT_RETAIN_SELF = YES;
				CLANG_WARN_OBJC_LITERAL_CONVERSION = YES;
				CLANG_WARN_OBJC_ROOT_CLASS = YES_ERROR;
				CLANG_WARN_QUOTED_INCLUDE_IN_FRAMEWORK_HEADER = YES;
				CLANG_WARN_RANGE_LOOP_ANALYSIS = YES;
				CLANG_WARN_STRICT_PROTOTYPES = YES;
				CLANG_WARN_SUSPICIOUS_MOVE = YES;
				CLANG_WARN_UNGUARDED_AVAILABILITY = YES_AGGRESSIVE;
				CLANG_WARN_UNREACHABLE_CODE = YES;
				CLANG_WARN__DUPLICATE_METHOD_MATCH = YES;
				COPY_PHASE_STRIP = NO;
				DEBUG_INFORMATION_FORMAT = dwarf;
				ENABLE_STRICT_OBJC_MSGSEND = YES;
				ENABLE_TESTABILITY = YES;
				GCC_C_LANGUAGE_STANDARD = gnu11;
				GCC_DYNAMIC_NO_PIC = NO;
				GCC_NO_COMMON_BLOCKS = YES;
				GCC_OPTIMIZATION_LEVEL = 0;
				GCC_PREPROCESSOR_DEFINITIONS = (
					"DEBUG=1",
					"$(inherited)",
				);
				GCC_WARN_64_TO_32_BIT_CONVERSION = YES;
				GCC_WARN_ABOUT_RETURN_TYPE = YES_ERROR;
				GCC_WARN_UNDECLARED_SELECTOR = YES;
				GCC_WARN_UNINITIALIZED_AUTOS = YES_AGGRESSIVE;
				GCC_WARN_UNUSED_FUNCTION = YES;
				GCC_WARN_UNUSED_VARIABLE = YES;
				MACOSX_DEPLOYMENT_TARGET = 10.15;
				MTL_ENABLE_DEBUG_INFO = INCLUDE_SOURCE;
				MTL_FAST_MATH = YES;
				ONLY_ACTIVE_ARCH = YES;
				SDKROOT = macosx;
				SWIFT_ACTIVE_COMPILATION_CONDITIONS = DEBUG;
				SWIFT_OPTIMIZATION_LEVEL = "-Onone";
			};
			name = Debug;
		};
		54DB3AF326F5B3CA005AC168 /* Release */ = {
			isa = XCBuildConfiguration;
			buildSettings = {
				ALWAYS_SEARCH_USER_PATHS = NO;
				CLANG_ANALYZER_NONNULL = YES;
				CLANG_ANALYZER_NUMBER_OBJECT_CONVERSION = YES_AGGRESSIVE;
				CLANG_CXX_LANGUAGE_STANDARD = "gnu++14";
				CLANG_CXX_LIBRARY = "libc++";
				CLANG_ENABLE_MODULES = YES;
				CLANG_ENABLE_OBJC_ARC = YES;
				CLANG_ENABLE_OBJC_WEAK = YES;
				CLANG_WARN_BLOCK_CAPTURE_AUTORELEASING = YES;
				CLANG_WARN_BOOL_CONVERSION = YES;
				CLANG_WARN_COMMA = YES;
				CLANG_WARN_CONSTANT_CONVERSION = YES;
				CLANG_WARN_DEPRECATED_OBJC_IMPLEMENTATIONS = YES;
				CLANG_WARN_DIRECT_OBJC_ISA_USAGE = YES_ERROR;
				CLANG_WARN_DOCUMENTATION_COMMENTS = YES;
				CLANG_WARN_EMPTY_BODY = YES;
				CLANG_WARN_ENUM_CONVERSION = YES;
				CLANG_WARN_INFINITE_RECURSION = YES;
				CLANG_WARN_INT_CONVERSION = YES;
				CLANG_WARN_NON_LITERAL_NULL_CONVERSION = YES;
				CLANG_WARN_OBJC_IMPLICIT_RETAIN_SELF = YES;
				CLANG_WARN_OBJC_LITERAL_CONVERSION = YES;
				CLANG_WARN_OBJC_ROOT_CLASS = YES_ERROR;
				CLANG_WARN_QUOTED_INCLUDE_IN_FRAMEWORK_HEADER = YES;
				CLANG_WARN_RANGE_LOOP_ANALYSIS = YES;
				CLANG_WARN_STRICT_PROTOTYPES = YES;
				CLANG_WARN_SUSPICIOUS_MOVE = YES;
				CLANG_WARN_UNGUARDED_AVAILABILITY = YES_AGGRESSIVE;
				CLANG_WARN_UNREACHABLE_CODE = YES;
				CLANG_WARN__DUPLICATE_METHOD_MATCH = YES;
				COPY_PHASE_STRIP = NO;
				DEBUG_INFORMATION_FORMAT = "dwarf-with-dsym";
				ENABLE_NS_ASSERTIONS = NO;
				ENABLE_STRICT_OBJC_MSGSEND = YES;
				GCC_C_LANGUAGE_STANDARD = gnu11;
				GCC_NO_COMMON_BLOCKS = YES;
				GCC_WARN_64_TO_32_BIT_CONVERSION = YES;
				GCC_WARN_ABOUT_RETURN_TYPE = YES_ERROR;
				GCC_WARN_UNDECLARED_SELECTOR = YES;
				GCC_WARN_UNINITIALIZED_AUTOS = YES_AGGRESSIVE;
				GCC_WARN_UNUSED_FUNCTION = YES;
				GCC_WARN_UNUSED_VARIABLE = YES;
				MACOSX_DEPLOYMENT_TARGET = 10.15;
				MTL_ENABLE_DEBUG_INFO = NO;
				MTL_FAST_MATH = YES;
				SDKROOT = macosx;
				SWIFT_COMPILATION_MODE = wholemodule;
				SWIFT_OPTIMIZATION_LEVEL = "-O";
			};
			name = Release;
		};
		54DB3AF526F5B3CA005AC168 /* Debug */ = {
			isa = XCBuildConfiguration;
			buildSettings = {
				ASSETCATALOG_COMPILER_APPICON_NAME = AppIcon;
				ASSETCATALOG_COMPILER_GLOBAL_ACCENT_COLOR_NAME = AccentColor;
				CODE_SIGN_ENTITLEMENTS = scrollview/scrollview.entitlements;
				CODE_SIGN_STYLE = Automatic;
				COMBINE_HIDPI_IMAGES = YES;
				DEVELOPMENT_TEAM = YZC2T44ZDX;
				ENABLE_HARDENED_RUNTIME = YES;
				INFOPLIST_FILE = scrollview/Info.plist;
				LD_RUNPATH_SEARCH_PATHS = (
					"$(inherited)",
					"@executable_path/../Frameworks",
				);
				PRODUCT_BUNDLE_IDENTIFIER = com.nenhall.scrollview;
				PRODUCT_NAME = "$(TARGET_NAME)";
				SWIFT_VERSION = 5.0;
			};
			name = Debug;
		};
		54DB3AF626F5B3CA005AC168 /* Release */ = {
			isa = XCBuildConfiguration;
			buildSettings = {
				ASSETCATALOG_COMPILER_APPICON_NAME = AppIcon;
				ASSETCATALOG_COMPILER_GLOBAL_ACCENT_COLOR_NAME = AccentColor;
				CODE_SIGN_ENTITLEMENTS = scrollview/scrollview.entitlements;
				CODE_SIGN_STYLE = Automatic;
				COMBINE_HIDPI_IMAGES = YES;
				DEVELOPMENT_TEAM = YZC2T44ZDX;
				ENABLE_HARDENED_RUNTIME = YES;
				INFOPLIST_FILE = scrollview/Info.plist;
				LD_RUNPATH_SEARCH_PATHS = (
					"$(inherited)",
					"@executable_path/../Frameworks",
				);
				PRODUCT_BUNDLE_IDENTIFIER = com.nenhall.scrollview;
				PRODUCT_NAME = "$(TARGET_NAME)";
				SWIFT_VERSION = 5.0;
			};
			name = Release;
		};
		54DB3AF826F5B3CA005AC168 /* Debug */ = {
			isa = XCBuildConfiguration;
			buildSettings = {
				ALWAYS_EMBED_SWIFT_STANDARD_LIBRARIES = YES;
				BUNDLE_LOADER = "$(TEST_HOST)";
				CODE_SIGN_STYLE = Automatic;
				COMBINE_HIDPI_IMAGES = YES;
				DEVELOPMENT_TEAM = YZC2T44ZDX;
				INFOPLIST_FILE = scrollviewTests/Info.plist;
				LD_RUNPATH_SEARCH_PATHS = (
					"$(inherited)",
					"@executable_path/../Frameworks",
					"@loader_path/../Frameworks",
				);
				MACOSX_DEPLOYMENT_TARGET = 10.15;
				PRODUCT_BUNDLE_IDENTIFIER = com.nenhall.scrollviewTests;
				PRODUCT_NAME = "$(TARGET_NAME)";
				SWIFT_VERSION = 5.0;
				TEST_HOST = "$(BUILT_PRODUCTS_DIR)/scrollview.app/Contents/MacOS/scrollview";
			};
			name = Debug;
		};
		54DB3AF926F5B3CA005AC168 /* Release */ = {
			isa = XCBuildConfiguration;
			buildSettings = {
				ALWAYS_EMBED_SWIFT_STANDARD_LIBRARIES = YES;
				BUNDLE_LOADER = "$(TEST_HOST)";
				CODE_SIGN_STYLE = Automatic;
				COMBINE_HIDPI_IMAGES = YES;
				DEVELOPMENT_TEAM = YZC2T44ZDX;
				INFOPLIST_FILE = scrollviewTests/Info.plist;
				LD_RUNPATH_SEARCH_PATHS = (
					"$(inherited)",
					"@executable_path/../Frameworks",
					"@loader_path/../Frameworks",
				);
				MACOSX_DEPLOYMENT_TARGET = 10.15;
				PRODUCT_BUNDLE_IDENTIFIER = com.nenhall.scrollviewTests;
				PRODUCT_NAME = "$(TARGET_NAME)";
				SWIFT_VERSION = 5.0;
				TEST_HOST = "$(BUILT_PRODUCTS_DIR)/scrollview.app/Contents/MacOS/scrollview";
			};
			name = Release;
		};
		54DB3AFB26F5B3CA005AC168 /* Debug */ = {
			isa = XCBuildConfiguration;
			buildSettings = {
				ALWAYS_EMBED_SWIFT_STANDARD_LIBRARIES = YES;
				CODE_SIGN_STYLE = Automatic;
				COMBINE_HIDPI_IMAGES = YES;
				DEVELOPMENT_TEAM = YZC2T44ZDX;
				INFOPLIST_FILE = scrollviewUITests/Info.plist;
				LD_RUNPATH_SEARCH_PATHS = (
					"$(inherited)",
					"@executable_path/../Frameworks",
					"@loader_path/../Frameworks",
				);
				PRODUCT_BUNDLE_IDENTIFIER = com.nenhall.scrollviewUITests;
				PRODUCT_NAME = "$(TARGET_NAME)";
				SWIFT_VERSION = 5.0;
				TEST_TARGET_NAME = scrollview;
			};
			name = Debug;
		};
		54DB3AFC26F5B3CA005AC168 /* Release */ = {
			isa = XCBuildConfiguration;
			buildSettings = {
				ALWAYS_EMBED_SWIFT_STANDARD_LIBRARIES = YES;
				CODE_SIGN_STYLE = Automatic;
				COMBINE_HIDPI_IMAGES = YES;
				DEVELOPMENT_TEAM = YZC2T44ZDX;
				INFOPLIST_FILE = scrollviewUITests/Info.plist;
				LD_RUNPATH_SEARCH_PATHS = (
					"$(inherited)",
					"@executable_path/../Frameworks",
					"@loader_path/../Frameworks",
				);
				PRODUCT_BUNDLE_IDENTIFIER = com.nenhall.scrollviewUITests;
				PRODUCT_NAME = "$(TARGET_NAME)";
				SWIFT_VERSION = 5.0;
				TEST_TARGET_NAME = scrollview;
			};
			name = Release;
		};
/* End XCBuildConfiguration section */

/* Begin XCConfigurationList section */
		54DB3AC926F5B3C9005AC168 /* Build configuration list for PBXProject "scrollview" */ = {
			isa = XCConfigurationList;
			buildConfigurations = (
				54DB3AF226F5B3CA005AC168 /* Debug */,
				54DB3AF326F5B3CA005AC168 /* Release */,
			);
			defaultConfigurationIsVisible = 0;
			defaultConfigurationName = Release;
		};
		54DB3AF426F5B3CA005AC168 /* Build configuration list for PBXNativeTarget "scrollview" */ = {
			isa = XCConfigurationList;
			buildConfigurations = (
				54DB3AF526F5B3CA005AC168 /* Debug */,
				54DB3AF626F5B3CA005AC168 /* Release */,
			);
			defaultConfigurationIsVisible = 0;
			defaultConfigurationName = Release;
		};
		54DB3AF726F5B3CA005AC168 /* Build configuration list for PBXNativeTarget "scrollviewTests" */ = {
			isa = XCConfigurationList;
			buildConfigurations = (
				54DB3AF826F5B3CA005AC168 /* Debug */,
				54DB3AF926F5B3CA005AC168 /* Release */,
			);
			defaultConfigurationIsVisible = 0;
			defaultConfigurationName = Release;
		};
		54DB3AFA26F5B3CA005AC168 /* Build configuration list for PBXNativeTarget "scrollviewUITests" */ = {
			isa = XCConfigurationList;
			buildConfigurations = (
				54DB3AFB26F5B3CA005AC168 /* Debug */,
				54DB3AFC26F5B3CA005AC168 /* Release */,
			);
			defaultConfigurationIsVisible = 0;
			defaultConfigurationName = Release;
		};
/* End XCConfigurationList section */
	};
	rootObject = 54DB3AC626F5B3C9005AC168 /* Project object */;
}
